
Microsoft Visual Studio Solution File, Format Version 12.00
# Visual Studio Version 17
VisualStudioVersion = 17.7.34024.191
MinimumVisualStudioVersion = 10.0.40219.1
Project("{FAE04EC0-301F-11D3-BF4B-00C04F79EFBC}") = "lab№5_prisyashnyy", "lab№5_prisyashnyy\lab№5_prisyashnyy.csproj", "{14927C01-D9BB-45B9-B6AD-79457F3916BC}"
EndProject
Global
	GlobalSection(SolutionConfigurationPlatforms) = preSolution
		Debug|Any CPU = Debug|Any CPU
		Release|Any CPU = Release|Any CPU
	EndGlobalSection
	GlobalSection(ProjectConfigurationPlatforms) = postSolution
		{14927C01-D9BB-45B9-B6AD-79457F3916BC}.Debug|Any CPU.ActiveCfg = Debug|Any CPU
		{14927C01-D9BB-45B9-B6AD-79457F3916BC}.Debug|Any CPU.Build.0 = Debug|Any CPU
		{14927C01-D9BB-45B9-B6AD-79457F3916BC}.Release|Any CPU.ActiveCfg = Release|Any CPU
		{14927C01-D9BB-45B9-B6AD-79457F3916BC}.Release|Any CPU.Build.0 = Release|Any CPU
	EndGlobalSection
	GlobalSection(SolutionProperties) = preSolution
		HideSolutionNode = FALSE
	EndGlobalSection
	GlobalSection(ExtensibilityGlobals) = postSolution
		SolutionGuid = {0223667F-DD71-4F24-82FE-A36E24644805}
	EndGlobalSection
EndGlobal
